
Microsoft Visual Studio Solution File, Format Version 12.00
# Visual Studio Version 17
VisualStudioVersion = 17.8.34525.116
MinimumVisualStudioVersion = 10.0.40219.1
Project("{FAE04EC0-301F-11D3-BF4B-00C04F79EFBC}") = "PM02P012024", "PM02P012024.csproj", "{6F712B5C-E248-404A-B6E8-AC331CB241AD}"
EndProject
Global
	GlobalSection(SolutionConfigurationPlatforms) = preSolution
		Debug|Any CPU = Debug|Any CPU
		Release|Any CPU = Release|Any CPU
	EndGlobalSection
	GlobalSection(ProjectConfigurationPlatforms) = postSolution
		{6F712B5C-E248-404A-B6E8-AC331CB241AD}.Debug|Any CPU.ActiveCfg = Debug|Any CPU
		{6F712B5C-E248-404A-B6E8-AC331CB241AD}.Debug|Any CPU.Build.0 = Debug|Any CPU
		{6F712B5C-E248-404A-B6E8-AC331CB241AD}.Debug|Any CPU.Deploy.0 = Debug|Any CPU
		{6F712B5C-E248-404A-B6E8-AC331CB241AD}.Release|Any CPU.ActiveCfg = Release|Any CPU
		{6F712B5C-E248-404A-B6E8-AC331CB241AD}.Release|Any CPU.Build.0 = Release|Any CPU
		{6F712B5C-E248-404A-B6E8-AC331CB241AD}.Release|Any CPU.Deploy.0 = Release|Any CPU
	EndGlobalSection
	GlobalSection(SolutionProperties) = preSolution
		HideSolutionNode = FALSE
	EndGlobalSection
	GlobalSection(ExtensibilityGlobals) = postSolution
		SolutionGuid = {EBAC1F63-1C31-4ED2-8E93-F4450AE33B10}
	EndGlobalSection
EndGlobal
